
Microsoft Visual Studio Solution File, Format Version 12.00
# Visual Studio Version 16
VisualStudioVersion = 16.0.31702.278
MinimumVisualStudioVersion = 10.0.40219.1
Project("{9A19103F-16F7-4668-BE54-9A1E7A4F7556}") = "oops", "oops.csproj", "{DCBC2496-05C0-4F25-9D9B-B0B1CDCB3EC8}"
EndProject
Project("{2150E333-8FDC-42A3-9474-1A3956D46DE8}") = "Solution Items", "Solution Items", "{8665BD75-6492-43CC-A6BB-0F461A2E43E7}"
	ProjectSection(SolutionItems) = preProject
		.editorconfig = .editorconfig
	EndProjectSection
EndProject
Global
	GlobalSection(SolutionConfigurationPlatforms) = preSolution
		Debug|Any CPU = Debug|Any CPU
		Release|Any CPU = Release|Any CPU
	EndGlobalSection
	GlobalSection(ProjectConfigurationPlatforms) = postSolution
		{DCBC2496-05C0-4F25-9D9B-B0B1CDCB3EC8}.Debug|Any CPU.ActiveCfg = Debug|Any CPU
		{DCBC2496-05C0-4F25-9D9B-B0B1CDCB3EC8}.Debug|Any CPU.Build.0 = Debug|Any CPU
		{DCBC2496-05C0-4F25-9D9B-B0B1CDCB3EC8}.Release|Any CPU.ActiveCfg = Release|Any CPU
		{DCBC2496-05C0-4F25-9D9B-B0B1CDCB3EC8}.Release|Any CPU.Build.0 = Release|Any CPU
	EndGlobalSection
	GlobalSection(SolutionProperties) = preSolution
		HideSolutionNode = FALSE
	EndGlobalSection
	GlobalSection(ExtensibilityGlobals) = postSolution
		SolutionGuid = {6192B1AA-DCF1-4C3F-88A1-7C02E75CA910}
	EndGlobalSection
EndGlobal
